# This file is autogenerated, do not edit; changes may be undone by the next 'dep ensure'.


[[projects]]
  digest = "1:a682af5b6c13aa0ad5553e75793bfc3ba86cd481ddc2ff70dd20097c7c7e5504"
  name = "github.com/henrylee2cn/pholcus"
  packages = ["common/simplejson"]
  pruneopts = "UT"
  revision = "4e54b74a609ba7113ce9d2cc8fc86baf0de7fb41"
  version = "v1.3.1"

[solve-meta]
  analyzer-name = "dep"
  analyzer-version = 1
  input-imports = ["github.com/henrylee2cn/pholcus/common/simplejson"]
  solver-name = "gps-cdcl"
  solver-version = 1
